// !$*UTF8*$!
{
	archiveVersion = 1;
	classes = {
	};
	objectVersion = 46;
	objects = {

/* Begin PBXBuildFile section */
		0093A0558F137BFE885BE0A5 /* libPods.a in Frameworks */ = {isa = PBXBuildFile; fileRef = D56C01C0EE12F015CC28D226 /* libPods.a */; };
		5616CFAC19A507A1001FF581 /* HomeViewController.m in Sources */ = {isa = PBXBuildFile; fileRef = 5616CFAB19A507A1001FF581 /* HomeViewController.m */; };
		568ADAD61A4A68B400DB8C49 /* QuestionAnswerViewController.m in Sources */ = {isa = PBXBuildFile; fileRef = 568ADAD51A4A68B400DB8C49 /* QuestionAnswerViewController.m */; };
		568ADAD91A4B1E6200DB8C49 /* CityPageViewController.m in Sources */ = {isa = PBXBuildFile; fileRef = 568ADAD81A4B1E6200DB8C49 /* CityPageViewController.m */; };
		56FCEF471A73F30E006B7374 /* FacebookSDK.framework in Frameworks */ = {isa = PBXBuildFile; fileRef = 56FCEF461A73F30E006B7374 /* FacebookSDK.framework */; };
		56FCEF4A1A7424E3006B7374 /* back.png in Resources */ = {isa = PBXBuildFile; fileRef = 56FCEF491A7424E3006B7374 /* back.png */; };
		56FCEF4D1A7425ED006B7374 /* menu.png in Resources */ = {isa = PBXBuildFile; fileRef = 56FCEF4B1A7425ED006B7374 /* menu.png */; };
		56FCEF4E1A7425ED006B7374 /* menu_1.png in Resources */ = {isa = PBXBuildFile; fileRef = 56FCEF4C1A7425ED006B7374 /* menu_1.png */; };
		56FCEF521A742B4C006B7374 /* profile_pic.png in Resources */ = {isa = PBXBuildFile; fileRef = 56FCEF4F1A742B4C006B7374 /* profile_pic.png */; };
		56FCEF531A742B4C006B7374 /* like.png in Resources */ = {isa = PBXBuildFile; fileRef = 56FCEF501A742B4C006B7374 /* like.png */; };
		56FCEF541A742B4C006B7374 /* add.png in Resources */ = {isa = PBXBuildFile; fileRef = 56FCEF511A742B4C006B7374 /* add.png */; };
		56FCEF581A7431E2006B7374 /* comments.png in Resources */ = {isa = PBXBuildFile; fileRef = 56FCEF571A7431E2006B7374 /* comments.png */; };
		56FCEF5A1A743223006B7374 /* comment_1.png in Resources */ = {isa = PBXBuildFile; fileRef = 56FCEF591A743223006B7374 /* comment_1.png */; };
		56FCEF611A74340A006B7374 /* NewsFeedViewController.m in Sources */ = {isa = PBXBuildFile; fileRef = 56FCEF601A74340A006B7374 /* NewsFeedViewController.m */; };
		56FCEF641A7434F6006B7374 /* PostDetailViewController.m in Sources */ = {isa = PBXBuildFile; fileRef = 56FCEF631A7434F6006B7374 /* PostDetailViewController.m */; };
		F4224F6C1A594061003A353E /* troyage.xcdatamodeld in Sources */ = {isa = PBXBuildFile; fileRef = F4224F6A1A594061003A353E /* troyage.xcdatamodeld */; };
		F4224F701A594332003A353E /* User.m in Sources */ = {isa = PBXBuildFile; fileRef = F4224F6F1A594332003A353E /* User.m */; };
		F4224F731A594333003A353E /* DataForResponse.m in Sources */ = {isa = PBXBuildFile; fileRef = F4224F721A594333003A353E /* DataForResponse.m */; };
		F4BDDF821983A50500C52E97 /* Foundation.framework in Frameworks */ = {isa = PBXBuildFile; fileRef = F4BDDF811983A50500C52E97 /* Foundation.framework */; };
		F4BDDF841983A50500C52E97 /* CoreGraphics.framework in Frameworks */ = {isa = PBXBuildFile; fileRef = F4BDDF831983A50500C52E97 /* CoreGraphics.framework */; };
		F4BDDF861983A50500C52E97 /* UIKit.framework in Frameworks */ = {isa = PBXBuildFile; fileRef = F4BDDF851983A50500C52E97 /* UIKit.framework */; };
		F4BDDF8C1983A50500C52E97 /* InfoPlist.strings in Resources */ = {isa = PBXBuildFile; fileRef = F4BDDF8A1983A50500C52E97 /* InfoPlist.strings */; };
		F4BDDF8E1983A50500C52E97 /* main.m in Sources */ = {isa = PBXBuildFile; fileRef = F4BDDF8D1983A50500C52E97 /* main.m */; };
		F4BDDF921983A50500C52E97 /* AppDelegate.m in Sources */ = {isa = PBXBuildFile; fileRef = F4BDDF911983A50500C52E97 /* AppDelegate.m */; };
		F4BDDF951983A50500C52E97 /* Main.storyboard in Resources */ = {isa = PBXBuildFile; fileRef = F4BDDF931983A50500C52E97 /* Main.storyboard */; };
		F4BDDF9A1983A50500C52E97 /* Images.xcassets in Resources */ = {isa = PBXBuildFile; fileRef = F4BDDF991983A50500C52E97 /* Images.xcassets */; };
		F4BDDFA11983A50500C52E97 /* XCTest.framework in Frameworks */ = {isa = PBXBuildFile; fileRef = F4BDDFA01983A50500C52E97 /* XCTest.framework */; };
		F4BDDFA21983A50500C52E97 /* Foundation.framework in Frameworks */ = {isa = PBXBuildFile; fileRef = F4BDDF811983A50500C52E97 /* Foundation.framework */; };
		F4BDDFA31983A50500C52E97 /* UIKit.framework in Frameworks */ = {isa = PBXBuildFile; fileRef = F4BDDF851983A50500C52E97 /* UIKit.framework */; };
		F4BDDFAB1983A50500C52E97 /* InfoPlist.strings in Resources */ = {isa = PBXBuildFile; fileRef = F4BDDFA91983A50500C52E97 /* InfoPlist.strings */; };
		F4BDDFAD1983A50500C52E97 /* Social_NetworkTests.m in Sources */ = {isa = PBXBuildFile; fileRef = F4BDDFAC1983A50500C52E97 /* Social_NetworkTests.m */; };
/* End PBXBuildFile section */

/* Begin PBXContainerItemProxy section */
		F4BDDFA41983A50500C52E97 /* PBXContainerItemProxy */ = {
			isa = PBXContainerItemProxy;
			containerPortal = F4BDDF761983A50500C52E97 /* Project object */;
			proxyType = 1;
			remoteGlobalIDString = F4BDDF7D1983A50500C52E97;
			remoteInfo = "Social Network";
		};
/* End PBXContainerItemProxy section */

/* Begin PBXFileReference section */
		451149F762A744E3EE1BD01F /* Pods.release.xcconfig */ = {isa = PBXFileReference; includeInIndex = 1; lastKnownFileType = text.xcconfig; name = Pods.release.xcconfig; path = "Pods/Target Support Files/Pods/Pods.release.xcconfig"; sourceTree = "<group>"; };
		5616CFAA19A507A1001FF581 /* HomeViewController.h */ = {isa = PBXFileReference; fileEncoding = 4; lastKnownFileType = sourcecode.c.h; path = HomeViewController.h; sourceTree = "<group>"; };
		5616CFAB19A507A1001FF581 /* HomeViewController.m */ = {isa = PBXFileReference; fileEncoding = 4; lastKnownFileType = sourcecode.c.objc; path = HomeViewController.m; sourceTree = "<group>"; };
		568ADAD41A4A68B400DB8C49 /* QuestionAnswerViewController.h */ = {isa = PBXFileReference; fileEncoding = 4; lastKnownFileType = sourcecode.c.h; path = QuestionAnswerViewController.h; sourceTree = "<group>"; };
		568ADAD51A4A68B400DB8C49 /* QuestionAnswerViewController.m */ = {isa = PBXFileReference; fileEncoding = 4; lastKnownFileType = sourcecode.c.objc; path = QuestionAnswerViewController.m; sourceTree = "<group>"; };
		568ADAD71A4B1E6200DB8C49 /* CityPageViewController.h */ = {isa = PBXFileReference; fileEncoding = 4; lastKnownFileType = sourcecode.c.h; path = CityPageViewController.h; sourceTree = "<group>"; };
		568ADAD81A4B1E6200DB8C49 /* CityPageViewController.m */ = {isa = PBXFileReference; fileEncoding = 4; lastKnownFileType = sourcecode.c.objc; path = CityPageViewController.m; sourceTree = "<group>"; };
		56FCEF461A73F30E006B7374 /* FacebookSDK.framework */ = {isa = PBXFileReference; lastKnownFileType = wrapper.framework; path = FacebookSDK.framework; sourceTree = "<group>"; };
		56FCEF491A7424E3006B7374 /* back.png */ = {isa = PBXFileReference; lastKnownFileType = image.png; path = back.png; sourceTree = "<group>"; };
		56FCEF4B1A7425ED006B7374 /* menu.png */ = {isa = PBXFileReference; lastKnownFileType = image.png; path = menu.png; sourceTree = "<group>"; };
		56FCEF4C1A7425ED006B7374 /* menu_1.png */ = {isa = PBXFileReference; lastKnownFileType = image.png; path = menu_1.png; sourceTree = "<group>"; };
		56FCEF4F1A742B4C006B7374 /* profile_pic.png */ = {isa = PBXFileReference; lastKnownFileType = image.png; path = profile_pic.png; sourceTree = "<group>"; };
		56FCEF501A742B4C006B7374 /* like.png */ = {isa = PBXFileReference; lastKnownFileType = image.png; path = like.png; sourceTree = "<group>"; };
		56FCEF511A742B4C006B7374 /* add.png */ = {isa = PBXFileReference; lastKnownFileType = image.png; path = add.png; sourceTree = "<group>"; };
		56FCEF571A7431E2006B7374 /* comments.png */ = {isa = PBXFileReference; lastKnownFileType = image.png; path = comments.png; sourceTree = "<group>"; };
		56FCEF591A743223006B7374 /* comment_1.png */ = {isa = PBXFileReference; lastKnownFileType = image.png; path = comment_1.png; sourceTree = "<group>"; };
		56FCEF5F1A74340A006B7374 /* NewsFeedViewController.h */ = {isa = PBXFileReference; fileEncoding = 4; lastKnownFileType = sourcecode.c.h; path = NewsFeedViewController.h; sourceTree = "<group>"; };
		56FCEF601A74340A006B7374 /* NewsFeedViewController.m */ = {isa = PBXFileReference; fileEncoding = 4; lastKnownFileType = sourcecode.c.objc; path = NewsFeedViewController.m; sourceTree = "<group>"; };
		56FCEF621A7434F6006B7374 /* PostDetailViewController.h */ = {isa = PBXFileReference; fileEncoding = 4; lastKnownFileType = sourcecode.c.h; path = PostDetailViewController.h; sourceTree = "<group>"; };
		56FCEF631A7434F6006B7374 /* PostDetailViewController.m */ = {isa = PBXFileReference; fileEncoding = 4; lastKnownFileType = sourcecode.c.objc; path = PostDetailViewController.m; sourceTree = "<group>"; };
		6832CEA470AEFBFD25D37C1A /* Pods.debug.xcconfig */ = {isa = PBXFileReference; includeInIndex = 1; lastKnownFileType = text.xcconfig; name = Pods.debug.xcconfig; path = "Pods/Target Support Files/Pods/Pods.debug.xcconfig"; sourceTree = "<group>"; };
		D56C01C0EE12F015CC28D226 /* libPods.a */ = {isa = PBXFileReference; explicitFileType = archive.ar; includeInIndex = 0; path = libPods.a; sourceTree = BUILT_PRODUCTS_DIR; };
		F4224F691A59401A003A353E /* Enum.h */ = {isa = PBXFileReference; fileEncoding = 4; lastKnownFileType = sourcecode.c.h; path = Enum.h; sourceTree = "<group>"; };
		F4224F6B1A594061003A353E /* troyage.xcdatamodel */ = {isa = PBXFileReference; lastKnownFileType = wrapper.xcdatamodel; path = troyage.xcdatamodel; sourceTree = "<group>"; };
		F4224F6E1A594332003A353E /* User.h */ = {isa = PBXFileReference; fileEncoding = 4; lastKnownFileType = sourcecode.c.h; path = User.h; sourceTree = "<group>"; };
		F4224F6F1A594332003A353E /* User.m */ = {isa = PBXFileReference; fileEncoding = 4; lastKnownFileType = sourcecode.c.objc; path = User.m; sourceTree = "<group>"; };
		F4224F711A594333003A353E /* DataForResponse.h */ = {isa = PBXFileReference; fileEncoding = 4; lastKnownFileType = sourcecode.c.h; path = DataForResponse.h; sourceTree = "<group>"; };
		F4224F721A594333003A353E /* DataForResponse.m */ = {isa = PBXFileReference; fileEncoding = 4; lastKnownFileType = sourcecode.c.objc; path = DataForResponse.m; sourceTree = "<group>"; };
		F4BDDF7E1983A50500C52E97 /* Social Network.app */ = {isa = PBXFileReference; explicitFileType = wrapper.application; includeInIndex = 0; path = "Social Network.app"; sourceTree = BUILT_PRODUCTS_DIR; };
		F4BDDF811983A50500C52E97 /* Foundation.framework */ = {isa = PBXFileReference; lastKnownFileType = wrapper.framework; name = Foundation.framework; path = System/Library/Frameworks/Foundation.framework; sourceTree = SDKROOT; };
		F4BDDF831983A50500C52E97 /* CoreGraphics.framework */ = {isa = PBXFileReference; lastKnownFileType = wrapper.framework; name = CoreGraphics.framework; path = System/Library/Frameworks/CoreGraphics.framework; sourceTree = SDKROOT; };
		F4BDDF851983A50500C52E97 /* UIKit.framework */ = {isa = PBXFileReference; lastKnownFileType = wrapper.framework; name = UIKit.framework; path = System/Library/Frameworks/UIKit.framework; sourceTree = SDKROOT; };
		F4BDDF891983A50500C52E97 /* Social Network-Info.plist */ = {isa = PBXFileReference; lastKnownFileType = text.plist.xml; path = "Social Network-Info.plist"; sourceTree = "<group>"; };
		F4BDDF8B1983A50500C52E97 /* en */ = {isa = PBXFileReference; lastKnownFileType = text.plist.strings; name = en; path = en.lproj/InfoPlist.strings; sourceTree = "<group>"; };
		F4BDDF8D1983A50500C52E97 /* main.m */ = {isa = PBXFileReference; lastKnownFileType = sourcecode.c.objc; path = main.m; sourceTree = "<group>"; };
		F4BDDF8F1983A50500C52E97 /* Social Network-Prefix.pch */ = {isa = PBXFileReference; lastKnownFileType = sourcecode.c.h; path = "Social Network-Prefix.pch"; sourceTree = "<group>"; };
		F4BDDF901983A50500C52E97 /* AppDelegate.h */ = {isa = PBXFileReference; lastKnownFileType = sourcecode.c.h; path = AppDelegate.h; sourceTree = "<group>"; };
		F4BDDF911983A50500C52E97 /* AppDelegate.m */ = {isa = PBXFileReference; lastKnownFileType = sourcecode.c.objc; path = AppDelegate.m; sourceTree = "<group>"; };
		F4BDDF941983A50500C52E97 /* Base */ = {isa = PBXFileReference; lastKnownFileType = file.storyboard; name = Base; path = Base.lproj/Main.storyboard; sourceTree = "<group>"; };
		F4BDDF991983A50500C52E97 /* Images.xcassets */ = {isa = PBXFileReference; lastKnownFileType = folder.assetcatalog; path = Images.xcassets; sourceTree = "<group>"; };
		F4BDDF9F1983A50500C52E97 /* Social NetworkTests.xctest */ = {isa = PBXFileReference; explicitFileType = wrapper.cfbundle; includeInIndex = 0; path = "Social NetworkTests.xctest"; sourceTree = BUILT_PRODUCTS_DIR; };
		F4BDDFA01983A50500C52E97 /* XCTest.framework */ = {isa = PBXFileReference; lastKnownFileType = wrapper.framework; name = XCTest.framework; path = Library/Frameworks/XCTest.framework; sourceTree = DEVELOPER_DIR; };
		F4BDDFA81983A50500C52E97 /* Social NetworkTests-Info.plist */ = {isa = PBXFileReference; lastKnownFileType = text.plist.xml; path = "Social NetworkTests-Info.plist"; sourceTree = "<group>"; };
		F4BDDFAA1983A50500C52E97 /* en */ = {isa = PBXFileReference; lastKnownFileType = text.plist.strings; name = en; path = en.lproj/InfoPlist.strings; sourceTree = "<group>"; };
		F4BDDFAC1983A50500C52E97 /* Social_NetworkTests.m */ = {isa = PBXFileReference; lastKnownFileType = sourcecode.c.objc; path = Social_NetworkTests.m; sourceTree = "<group>"; };
		F4BDDFB91983A9B100C52E97 /* Constant.h */ = {isa = PBXFileReference; lastKnownFileType = sourcecode.c.h; path = Constant.h; sourceTree = "<group>"; };
/* End PBXFileReference section */

/* Begin PBXFrameworksBuildPhase section */
		F4BDDF7B1983A50500C52E97 /* Frameworks */ = {
			isa = PBXFrameworksBuildPhase;
			buildActionMask = 2147483647;
			files = (
				F4BDDF841983A50500C52E97 /* CoreGraphics.framework in Frameworks */,
				56FCEF471A73F30E006B7374 /* FacebookSDK.framework in Frameworks */,
				F4BDDF861983A50500C52E97 /* UIKit.framework in Frameworks */,
				F4BDDF821983A50500C52E97 /* Foundation.framework in Frameworks */,
				0093A0558F137BFE885BE0A5 /* libPods.a in Frameworks */,
			);
			runOnlyForDeploymentPostprocessing = 0;
		};
		F4BDDF9C1983A50500C52E97 /* Frameworks */ = {
			isa = PBXFrameworksBuildPhase;
			buildActionMask = 2147483647;
			files = (
				F4BDDFA11983A50500C52E97 /* XCTest.framework in Frameworks */,
				F4BDDFA31983A50500C52E97 /* UIKit.framework in Frameworks */,
				F4BDDFA21983A50500C52E97 /* Foundation.framework in Frameworks */,
			);
			runOnlyForDeploymentPostprocessing = 0;
		};
/* End PBXFrameworksBuildPhase section */

/* Begin PBXGroup section */
		568ADACF1A4A646F00DB8C49 /* Authframework */ = {
			isa = PBXGroup;
			children = (
				56FCEF461A73F30E006B7374 /* FacebookSDK.framework */,
			);
			path = Authframework;
			sourceTree = "<group>";
		};
		56FCEF481A7424E3006B7374 /* Assets */ = {
			isa = PBXGroup;
			children = (
				56FCEF591A743223006B7374 /* comment_1.png */,
				56FCEF571A7431E2006B7374 /* comments.png */,
				56FCEF4F1A742B4C006B7374 /* profile_pic.png */,
				56FCEF501A742B4C006B7374 /* like.png */,
				56FCEF511A742B4C006B7374 /* add.png */,
				56FCEF4B1A7425ED006B7374 /* menu.png */,
				56FCEF4C1A7425ED006B7374 /* menu_1.png */,
				56FCEF491A7424E3006B7374 /* back.png */,
			);
			name = Assets;
			path = "Social Network/Assets";
			sourceTree = "<group>";
		};
		75A1B463C7BF88C80D89EBAD /* Pods */ = {
			isa = PBXGroup;
			children = (
				6832CEA470AEFBFD25D37C1A /* Pods.debug.xcconfig */,
				451149F762A744E3EE1BD01F /* Pods.release.xcconfig */,
			);
			name = Pods;
			sourceTree = "<group>";
		};
		F4224F6D1A594306003A353E /* MappingObjects */ = {
			isa = PBXGroup;
			children = (
				F4224F711A594333003A353E /* DataForResponse.h */,
				F4224F721A594333003A353E /* DataForResponse.m */,
				F4224F6E1A594332003A353E /* User.h */,
				F4224F6F1A594332003A353E /* User.m */,
			);
			name = MappingObjects;
			sourceTree = "<group>";
		};
		F4BDDF751983A50500C52E97 = {
			isa = PBXGroup;
			children = (
				56FCEF481A7424E3006B7374 /* Assets */,
				F4224F6A1A594061003A353E /* troyage.xcdatamodeld */,
				568ADACF1A4A646F00DB8C49 /* Authframework */,
				F4BDDF871983A50500C52E97 /* Social Network */,
				F4BDDFA61983A50500C52E97 /* Social NetworkTests */,
				F4BDDF801983A50500C52E97 /* Frameworks */,
				F4BDDF7F1983A50500C52E97 /* Products */,
				75A1B463C7BF88C80D89EBAD /* Pods */,
			);
			sourceTree = "<group>";
		};
		F4BDDF7F1983A50500C52E97 /* Products */ = {
			isa = PBXGroup;
			children = (
				F4BDDF7E1983A50500C52E97 /* Social Network.app */,
				F4BDDF9F1983A50500C52E97 /* Social NetworkTests.xctest */,
			);
			name = Products;
			sourceTree = "<group>";
		};
		F4BDDF801983A50500C52E97 /* Frameworks */ = {
			isa = PBXGroup;
			children = (
				F4BDDF811983A50500C52E97 /* Foundation.framework */,
				F4BDDF831983A50500C52E97 /* CoreGraphics.framework */,
				F4BDDF851983A50500C52E97 /* UIKit.framework */,
				F4BDDFA01983A50500C52E97 /* XCTest.framework */,
				D56C01C0EE12F015CC28D226 /* libPods.a */,
			);
			name = Frameworks;
			sourceTree = "<group>";
		};
		F4BDDF871983A50500C52E97 /* Social Network */ = {
			isa = PBXGroup;
			children = (
				F4224F6D1A594306003A353E /* MappingObjects */,
				F4BDDFB71983A8DC00C52E97 /* Utility */,
				F4BDDFB61983A71000C52E97 /* ViewControllers */,
				F4BDDF901983A50500C52E97 /* AppDelegate.h */,
				F4BDDF911983A50500C52E97 /* AppDelegate.m */,
				F4BDDF931983A50500C52E97 /* Main.storyboard */,
				F4BDDF991983A50500C52E97 /* Images.xcassets */,
				F4BDDF881983A50500C52E97 /* Supporting Files */,
			);
			path = "Social Network";
			sourceTree = "<group>";
		};
		F4BDDF881983A50500C52E97 /* Supporting Files */ = {
			isa = PBXGroup;
			children = (
				F4BDDF891983A50500C52E97 /* Social Network-Info.plist */,
				F4BDDF8A1983A50500C52E97 /* InfoPlist.strings */,
				F4BDDF8D1983A50500C52E97 /* main.m */,
				F4BDDF8F1983A50500C52E97 /* Social Network-Prefix.pch */,
			);
			name = "Supporting Files";
			sourceTree = "<group>";
		};
		F4BDDFA61983A50500C52E97 /* Social NetworkTests */ = {
			isa = PBXGroup;
			children = (
				F4BDDFAC1983A50500C52E97 /* Social_NetworkTests.m */,
				F4BDDFA71983A50500C52E97 /* Supporting Files */,
			);
			path = "Social NetworkTests";
			sourceTree = "<group>";
		};
		F4BDDFA71983A50500C52E97 /* Supporting Files */ = {
			isa = PBXGroup;
			children = (
				F4BDDFA81983A50500C52E97 /* Social NetworkTests-Info.plist */,
				F4BDDFA91983A50500C52E97 /* InfoPlist.strings */,
			);
			name = "Supporting Files";
			sourceTree = "<group>";
		};
		F4BDDFB61983A71000C52E97 /* ViewControllers */ = {
			isa = PBXGroup;
			children = (
				5616CFAA19A507A1001FF581 /* HomeViewController.h */,
				5616CFAB19A507A1001FF581 /* HomeViewController.m */,
				568ADAD41A4A68B400DB8C49 /* QuestionAnswerViewController.h */,
				568ADAD51A4A68B400DB8C49 /* QuestionAnswerViewController.m */,
				56FCEF5F1A74340A006B7374 /* NewsFeedViewController.h */,
				56FCEF601A74340A006B7374 /* NewsFeedViewController.m */,
				568ADAD71A4B1E6200DB8C49 /* CityPageViewController.h */,
				568ADAD81A4B1E6200DB8C49 /* CityPageViewController.m */,
				56FCEF621A7434F6006B7374 /* PostDetailViewController.h */,
				56FCEF631A7434F6006B7374 /* PostDetailViewController.m */,
			);
			name = ViewControllers;
			sourceTree = "<group>";
		};
		F4BDDFB71983A8DC00C52E97 /* Utility */ = {
			isa = PBXGroup;
			children = (
				F4BDDFB91983A9B100C52E97 /* Constant.h */,
				F4224F691A59401A003A353E /* Enum.h */,
			);
			name = Utility;
			sourceTree = "<group>";
		};
/* End PBXGroup section */

/* Begin PBXNativeTarget section */
		F4BDDF7D1983A50500C52E97 /* Social Network */ = {
			isa = PBXNativeTarget;
			buildConfigurationList = F4BDDFB01983A50500C52E97 /* Build configuration list for PBXNativeTarget "Social Network" */;
			buildPhases = (
				4557044B554660FD80688714 /* Check Pods Manifest.lock */,
				F4BDDF7A1983A50500C52E97 /* Sources */,
				F4BDDF7B1983A50500C52E97 /* Frameworks */,
				F4BDDF7C1983A50500C52E97 /* Resources */,
				8235903679771531531D295F /* Copy Pods Resources */,
			);
			buildRules = (
			);
			dependencies = (
			);
			name = "Social Network";
			productName = "Social Network";
			productReference = F4BDDF7E1983A50500C52E97 /* Social Network.app */;
			productType = "com.apple.product-type.application";
		};
		F4BDDF9E1983A50500C52E97 /* Social NetworkTests */ = {
			isa = PBXNativeTarget;
			buildConfigurationList = F4BDDFB31983A50500C52E97 /* Build configuration list for PBXNativeTarget "Social NetworkTests" */;
			buildPhases = (
				F4BDDF9B1983A50500C52E97 /* Sources */,
				F4BDDF9C1983A50500C52E97 /* Frameworks */,
				F4BDDF9D1983A50500C52E97 /* Resources */,
			);
			buildRules = (
			);
			dependencies = (
				F4BDDFA51983A50500C52E97 /* PBXTargetDependency */,
			);
			name = "Social NetworkTests";
			productName = "Social NetworkTests";
			productReference = F4BDDF9F1983A50500C52E97 /* Social NetworkTests.xctest */;
			productType = "com.apple.product-type.bundle.unit-test";
		};
/* End PBXNativeTarget section */

/* Begin PBXProject section */
		F4BDDF761983A50500C52E97 /* Project object */ = {
			isa = PBXProject;
			attributes = {
				LastUpgradeCheck = 0510;
				ORGANIZATIONNAME = "Sitanshu Joshi";
				TargetAttributes = {
					F4BDDF9E1983A50500C52E97 = {
						TestTargetID = F4BDDF7D1983A50500C52E97;
					};
				};
			};
			buildConfigurationList = F4BDDF791983A50500C52E97 /* Build configuration list for PBXProject "Social Network" */;
			compatibilityVersion = "Xcode 3.2";
			developmentRegion = English;
			hasScannedForEncodings = 0;
			knownRegions = (
				en,
				Base,
			);
			mainGroup = F4BDDF751983A50500C52E97;
			productRefGroup = F4BDDF7F1983A50500C52E97 /* Products */;
			projectDirPath = "";
			projectRoot = "";
			targets = (
				F4BDDF7D1983A50500C52E97 /* Social Network */,
				F4BDDF9E1983A50500C52E97 /* Social NetworkTests */,
			);
		};
/* End PBXProject section */

/* Begin PBXResourcesBuildPhase section */
		F4BDDF7C1983A50500C52E97 /* Resources */ = {
			isa = PBXResourcesBuildPhase;
			buildActionMask = 2147483647;
			files = (
				56FCEF541A742B4C006B7374 /* add.png in Resources */,
				56FCEF531A742B4C006B7374 /* like.png in Resources */,
				56FCEF581A7431E2006B7374 /* comments.png in Resources */,
				56FCEF4A1A7424E3006B7374 /* back.png in Resources */,
				56FCEF4D1A7425ED006B7374 /* menu.png in Resources */,
				F4BDDF9A1983A50500C52E97 /* Images.xcassets in Resources */,
				56FCEF521A742B4C006B7374 /* profile_pic.png in Resources */,
				F4BDDF8C1983A50500C52E97 /* InfoPlist.strings in Resources */,
				56FCEF4E1A7425ED006B7374 /* menu_1.png in Resources */,
				F4BDDF951983A50500C52E97 /* Main.storyboard in Resources */,
				56FCEF5A1A743223006B7374 /* comment_1.png in Resources */,
			);
			runOnlyForDeploymentPostprocessing = 0;
		};
		F4BDDF9D1983A50500C52E97 /* Resources */ = {
			isa = PBXResourcesBuildPhase;
			buildActionMask = 2147483647;
			files = (
				F4BDDFAB1983A50500C52E97 /* InfoPlist.strings in Resources */,
			);
			runOnlyForDeploymentPostprocessing = 0;
		};
/* End PBXResourcesBuildPhase section */

/* Begin PBXShellScriptBuildPhase section */
		4557044B554660FD80688714 /* Check Pods Manifest.lock */ = {
			isa = PBXShellScriptBuildPhase;
			buildActionMask = 2147483647;
			files = (
			);
			inputPaths = (
			);
			name = "Check Pods Manifest.lock";
			outputPaths = (
			);
			runOnlyForDeploymentPostprocessing = 0;
			shellPath = /bin/sh;
			shellScript = "diff \"${PODS_ROOT}/../Podfile.lock\" \"${PODS_ROOT}/Manifest.lock\" > /dev/null\nif [[ $? != 0 ]] ; then\n    cat << EOM\nerror: The sandbox is not in sync with the Podfile.lock. Run 'pod install' or update your CocoaPods installation.\nEOM\n    exit 1\nfi\n";
			showEnvVarsInLog = 0;
		};
		8235903679771531531D295F /* Copy Pods Resources */ = {
			isa = PBXShellScriptBuildPhase;
			buildActionMask = 2147483647;
			files = (
			);
			inputPaths = (
			);
			name = "Copy Pods Resources";
			outputPaths = (
			);
			runOnlyForDeploymentPostprocessing = 0;
			shellPath = /bin/sh;
			shellScript = "\"${SRCROOT}/Pods/Target Support Files/Pods/Pods-resources.sh\"\n";
			showEnvVarsInLog = 0;
		};
/* End PBXShellScriptBuildPhase section */

/* Begin PBXSourcesBuildPhase section */
		F4BDDF7A1983A50500C52E97 /* Sources */ = {
			isa = PBXSourcesBuildPhase;
			buildActionMask = 2147483647;
			files = (
				F4224F701A594332003A353E /* User.m in Sources */,
				F4BDDF921983A50500C52E97 /* AppDelegate.m in Sources */,
				F4224F6C1A594061003A353E /* troyage.xcdatamodeld in Sources */,
				56FCEF611A74340A006B7374 /* NewsFeedViewController.m in Sources */,
				568ADAD61A4A68B400DB8C49 /* QuestionAnswerViewController.m in Sources */,
				5616CFAC19A507A1001FF581 /* HomeViewController.m in Sources */,
				56FCEF641A7434F6006B7374 /* PostDetailViewController.m in Sources */,
				568ADAD91A4B1E6200DB8C49 /* CityPageViewController.m in Sources */,
				F4224F731A594333003A353E /* DataForResponse.m in Sources */,
				F4BDDF8E1983A50500C52E97 /* main.m in Sources */,
			);
			runOnlyForDeploymentPostprocessing = 0;
		};
		F4BDDF9B1983A50500C52E97 /* Sources */ = {
			isa = PBXSourcesBuildPhase;
			buildActionMask = 2147483647;
			files = (
				F4BDDFAD1983A50500C52E97 /* Social_NetworkTests.m in Sources */,
			);
			runOnlyForDeploymentPostprocessing = 0;
		};
/* End PBXSourcesBuildPhase section */

/* Begin PBXTargetDependency section */
		F4BDDFA51983A50500C52E97 /* PBXTargetDependency */ = {
			isa = PBXTargetDependency;
			target = F4BDDF7D1983A50500C52E97 /* Social Network */;
			targetProxy = F4BDDFA41983A50500C52E97 /* PBXContainerItemProxy */;
		};
/* End PBXTargetDependency section */

/* Begin PBXVariantGroup section */
		F4BDDF8A1983A50500C52E97 /* InfoPlist.strings */ = {
			isa = PBXVariantGroup;
			children = (
				F4BDDF8B1983A50500C52E97 /* en */,
			);
			name = InfoPlist.strings;
			sourceTree = "<group>";
		};
		F4BDDF931983A50500C52E97 /* Main.storyboard */ = {
			isa = PBXVariantGroup;
			children = (
				F4BDDF941983A50500C52E97 /* Base */,
			);
			name = Main.storyboard;
			sourceTree = "<group>";
		};
		F4BDDFA91983A50500C52E97 /* InfoPlist.strings */ = {
			isa = PBXVariantGroup;
			children = (
				F4BDDFAA1983A50500C52E97 /* en */,
			);
			name = InfoPlist.strings;
			sourceTree = "<group>";
		};
/* End PBXVariantGroup section */

/* Begin XCBuildConfiguration section */
		F4BDDFAE1983A50500C52E97 /* Debug */ = {
			isa = XCBuildConfiguration;
			buildSettings = {
				ALWAYS_SEARCH_USER_PATHS = NO;
				CLANG_CXX_LANGUAGE_STANDARD = "gnu++0x";
				CLANG_CXX_LIBRARY = "libc++";
				CLANG_ENABLE_MODULES = YES;
				CLANG_ENABLE_OBJC_ARC = YES;
				CLANG_WARN_BOOL_CONVERSION = YES;
				CLANG_WARN_CONSTANT_CONVERSION = YES;
				CLANG_WARN_DIRECT_OBJC_ISA_USAGE = YES_ERROR;
				CLANG_WARN_EMPTY_BODY = YES;
				CLANG_WARN_ENUM_CONVERSION = YES;
				CLANG_WARN_INT_CONVERSION = YES;
				CLANG_WARN_OBJC_ROOT_CLASS = YES_ERROR;
				CLANG_WARN__DUPLICATE_METHOD_MATCH = YES;
				"CODE_SIGN_IDENTITY[sdk=iphoneos*]" = "iPhone Developer";
				COPY_PHASE_STRIP = NO;
				GCC_C_LANGUAGE_STANDARD = gnu99;
				GCC_DYNAMIC_NO_PIC = NO;
				GCC_OPTIMIZATION_LEVEL = 0;
				GCC_PREPROCESSOR_DEFINITIONS = (
					"DEBUG=1",
					"$(inherited)",
				);
				GCC_SYMBOLS_PRIVATE_EXTERN = NO;
				GCC_WARN_64_TO_32_BIT_CONVERSION = YES;
				GCC_WARN_ABOUT_RETURN_TYPE = YES_ERROR;
				GCC_WARN_UNDECLARED_SELECTOR = YES;
				GCC_WARN_UNINITIALIZED_AUTOS = YES;
				GCC_WARN_UNUSED_FUNCTION = YES;
				GCC_WARN_UNUSED_VARIABLE = YES;
				IPHONEOS_DEPLOYMENT_TARGET = 7.0;
				ONLY_ACTIVE_ARCH = YES;
				SDKROOT = iphoneos;
			};
			name = Debug;
		};
		F4BDDFAF1983A50500C52E97 /* Release */ = {
			isa = XCBuildConfiguration;
			buildSettings = {
				ALWAYS_SEARCH_USER_PATHS = NO;
				CLANG_CXX_LANGUAGE_STANDARD = "gnu++0x";
				CLANG_CXX_LIBRARY = "libc++";
				CLANG_ENABLE_MODULES = YES;
				CLANG_ENABLE_OBJC_ARC = YES;
				CLANG_WARN_BOOL_CONVERSION = YES;
				CLANG_WARN_CONSTANT_CONVERSION = YES;
				CLANG_WARN_DIRECT_OBJC_ISA_USAGE = YES_ERROR;
				CLANG_WARN_EMPTY_BODY = YES;
				CLANG_WARN_ENUM_CONVERSION = YES;
				CLANG_WARN_INT_CONVERSION = YES;
				CLANG_WARN_OBJC_ROOT_CLASS = YES_ERROR;
				CLANG_WARN__DUPLICATE_METHOD_MATCH = YES;
				"CODE_SIGN_IDENTITY[sdk=iphoneos*]" = "iPhone Developer";
				COPY_PHASE_STRIP = YES;
				ENABLE_NS_ASSERTIONS = NO;
				GCC_C_LANGUAGE_STANDARD = gnu99;
				GCC_WARN_64_TO_32_BIT_CONVERSION = YES;
				GCC_WARN_ABOUT_RETURN_TYPE = YES_ERROR;
				GCC_WARN_UNDECLARED_SELECTOR = YES;
				GCC_WARN_UNINITIALIZED_AUTOS = YES;
				GCC_WARN_UNUSED_FUNCTION = YES;
				GCC_WARN_UNUSED_VARIABLE = YES;
				IPHONEOS_DEPLOYMENT_TARGET = 7.0;
				SDKROOT = iphoneos;
				VALIDATE_PRODUCT = YES;
			};
			name = Release;
		};
		F4BDDFB11983A50500C52E97 /* Debug */ = {
			isa = XCBuildConfiguration;
			baseConfigurationReference = 6832CEA470AEFBFD25D37C1A /* Pods.debug.xcconfig */;
			buildSettings = {
				ASSETCATALOG_COMPILER_APPICON_NAME = AppIcon;
				ASSETCATALOG_COMPILER_LAUNCHIMAGE_NAME = LaunchImage;
				FRAMEWORK_SEARCH_PATHS = (
					"$(inherited)",
					"$(SRCROOT)/Authframework",
					"$(PROJECT_DIR)/Authframework",
					"$(PROJECT_DIR)/Social",
					Network,
				);
				GCC_PRECOMPILE_PREFIX_HEADER = YES;
				GCC_PREFIX_HEADER = "Social Network/Social Network-Prefix.pch";
				HEADER_SEARCH_PATHS = (
					"$(inherited)",
					/Applications/Xcode.app/Contents/Developer/Toolchains/XcodeDefault.xctoolchain/usr/include,
				);
				INFOPLIST_FILE = "Social Network/Social Network-Info.plist";
				IPHONEOS_DEPLOYMENT_TARGET = 8.0;
				LIBRARY_SEARCH_PATHS = "";
				PRODUCT_NAME = "$(TARGET_NAME)";
				WRAPPER_EXTENSION = app;
			};
			name = Debug;
		};
		F4BDDFB21983A50500C52E97 /* Release */ = {
			isa = XCBuildConfiguration;
			baseConfigurationReference = 451149F762A744E3EE1BD01F /* Pods.release.xcconfig */;
			buildSettings = {
				ASSETCATALOG_COMPILER_APPICON_NAME = AppIcon;
				ASSETCATALOG_COMPILER_LAUNCHIMAGE_NAME = LaunchImage;
				FRAMEWORK_SEARCH_PATHS = (
					"$(inherited)",
					"$(SRCROOT)/Authframework",
					"$(PROJECT_DIR)/Authframework",
					"$(PROJECT_DIR)/Social",
					Network,
				);
				GCC_PRECOMPILE_PREFIX_HEADER = YES;
				GCC_PREFIX_HEADER = "Social Network/Social Network-Prefix.pch";
				HEADER_SEARCH_PATHS = (
					"$(inherited)",
					/Applications/Xcode.app/Contents/Developer/Toolchains/XcodeDefault.xctoolchain/usr/include,
				);
				INFOPLIST_FILE = "Social Network/Social Network-Info.plist";
				IPHONEOS_DEPLOYMENT_TARGET = 8.0;
				LIBRARY_SEARCH_PATHS = "";
				PRODUCT_NAME = "$(TARGET_NAME)";
				WRAPPER_EXTENSION = app;
			};
			name = Release;
		};
		F4BDDFB41983A50500C52E97 /* Debug */ = {
			isa = XCBuildConfiguration;
			baseConfigurationReference = 6832CEA470AEFBFD25D37C1A /* Pods.debug.xcconfig */;
			buildSettings = {
				BUNDLE_LOADER = "$(BUILT_PRODUCTS_DIR)/Social Network.app/Social Network";
				FRAMEWORK_SEARCH_PATHS = (
					"$(SDKROOT)/Developer/Library/Frameworks",
					"$(inherited)",
					"$(DEVELOPER_FRAMEWORKS_DIR)",
					"$(PROJECT_DIR)/Authframework",
				);
				GCC_PRECOMPILE_PREFIX_HEADER = YES;
				GCC_PREFIX_HEADER = "Social Network/Social Network-Prefix.pch";
				GCC_PREPROCESSOR_DEFINITIONS = (
					"DEBUG=1",
					"$(inherited)",
				);
				INFOPLIST_FILE = "Social NetworkTests/Social NetworkTests-Info.plist";
				PRODUCT_NAME = "$(TARGET_NAME)";
				TEST_HOST = "$(BUNDLE_LOADER)";
				WRAPPER_EXTENSION = xctest;
			};
			name = Debug;
		};
		F4BDDFB51983A50500C52E97 /* Release */ = {
			isa = XCBuildConfiguration;
			baseConfigurationReference = 451149F762A744E3EE1BD01F /* Pods.release.xcconfig */;
			buildSettings = {
				BUNDLE_LOADER = "$(BUILT_PRODUCTS_DIR)/Social Network.app/Social Network";
				FRAMEWORK_SEARCH_PATHS = (
					"$(SDKROOT)/Developer/Library/Frameworks",
					"$(inherited)",
					"$(DEVELOPER_FRAMEWORKS_DIR)",
					"$(PROJECT_DIR)/Authframework",
				);
				GCC_PRECOMPILE_PREFIX_HEADER = YES;
				GCC_PREFIX_HEADER = "Social Network/Social Network-Prefix.pch";
				INFOPLIST_FILE = "Social NetworkTests/Social NetworkTests-Info.plist";
				PRODUCT_NAME = "$(TARGET_NAME)";
				TEST_HOST = "$(BUNDLE_LOADER)";
				WRAPPER_EXTENSION = xctest;
			};
			name = Release;
		};
/* End XCBuildConfiguration section */

/* Begin XCConfigurationList section */
		F4BDDF791983A50500C52E97 /* Build configuration list for PBXProject "Social Network" */ = {
			isa = XCConfigurationList;
			buildConfigurations = (
				F4BDDFAE1983A50500C52E97 /* Debug */,
				F4BDDFAF1983A50500C52E97 /* Release */,
			);
			defaultConfigurationIsVisible = 0;
			defaultConfigurationName = Release;
		};
		F4BDDFB01983A50500C52E97 /* Build configuration list for PBXNativeTarget "Social Network" */ = {
			isa = XCConfigurationList;
			buildConfigurations = (
				F4BDDFB11983A50500C52E97 /* Debug */,
				F4BDDFB21983A50500C52E97 /* Release */,
			);
			defaultConfigurationIsVisible = 0;
			defaultConfigurationName = Release;
		};
		F4BDDFB31983A50500C52E97 /* Build configuration list for PBXNativeTarget "Social NetworkTests" */ = {
			isa = XCConfigurationList;
			buildConfigurations = (
				F4BDDFB41983A50500C52E97 /* Debug */,
				F4BDDFB51983A50500C52E97 /* Release */,
			);
			defaultConfigurationIsVisible = 0;
			defaultConfigurationName = Release;
		};
/* End XCConfigurationList section */

/* Begin XCVersionGroup section */
		F4224F6A1A594061003A353E /* troyage.xcdatamodeld */ = {
			isa = XCVersionGroup;
			children = (
				F4224F6B1A594061003A353E /* troyage.xcdatamodel */,
			);
			currentVersion = F4224F6B1A594061003A353E /* troyage.xcdatamodel */;
			path = troyage.xcdatamodeld;
			sourceTree = "<group>";
			versionGroupType = wrapper.xcdatamodel;
		};
/* End XCVersionGroup section */
	};
	rootObject = F4BDDF761983A50500C52E97 /* Project object */;
}
